// !$*UTF8*$!
{
	archiveVersion = 1;
	classes = {
	};
	objectVersion = 56;
	objects = {

/* Begin PBXBuildFile section */
		80307691294C5BD200EFF277 /* APIService.swift in Sources */ = {isa = PBXBuildFile; fileRef = 80307690294C5BD200EFF277 /* APIService.swift */; };
		8060547C295AAD1A002617BA /* Const.swift in Sources */ = {isa = PBXBuildFile; fileRef = 8060547B295AAD1A002617BA /* Const.swift */; };
		80605482295AC7F5002617BA /* HealthRoutineAPI.swift in Sources */ = {isa = PBXBuildFile; fileRef = 80605481295AC7F5002617BA /* HealthRoutineAPI.swift */; };
		807D4D282950430000F757C0 /* KeychainService.swift in Sources */ = {isa = PBXBuildFile; fileRef = 807D4D272950430000F757C0 /* KeychainService.swift */; };
		8084406B294B2927005A1F75 /* NickNameView.swift in Sources */ = {isa = PBXBuildFile; fileRef = 80844064294B2927005A1F75 /* NickNameView.swift */; };
		8084406C294B2927005A1F75 /* SignUpMainView.swift in Sources */ = {isa = PBXBuildFile; fileRef = 80844066294B2927005A1F75 /* SignUpMainView.swift */; };
		8084406D294B2927005A1F75 /* SignUpInputView.swift in Sources */ = {isa = PBXBuildFile; fileRef = 80844068294B2927005A1F75 /* SignUpInputView.swift */; };
		8085765D295184A4005DA463 /* SignUpViewModel.swift in Sources */ = {isa = PBXBuildFile; fileRef = 8085765C295184A4005DA463 /* SignUpViewModel.swift */; };
		8088193A294C027700420788 /* Pretendard-ExtraBold.otf in Resources */ = {isa = PBXBuildFile; fileRef = 80881931294C027600420788 /* Pretendard-ExtraBold.otf */; };
		8088193B294C027700420788 /* Pretendard-Black.otf in Resources */ = {isa = PBXBuildFile; fileRef = 80881932294C027600420788 /* Pretendard-Black.otf */; };
		8088193C294C027700420788 /* Pretendard-ExtraLight.otf in Resources */ = {isa = PBXBuildFile; fileRef = 80881933294C027600420788 /* Pretendard-ExtraLight.otf */; };
		8088193D294C027700420788 /* Pretendard-Medium.otf in Resources */ = {isa = PBXBuildFile; fileRef = 80881934294C027600420788 /* Pretendard-Medium.otf */; };
		8088193E294C027700420788 /* Pretendard-Regular.otf in Resources */ = {isa = PBXBuildFile; fileRef = 80881935294C027600420788 /* Pretendard-Regular.otf */; };
		8088193F294C027700420788 /* Pretendard-SemiBold.otf in Resources */ = {isa = PBXBuildFile; fileRef = 80881936294C027600420788 /* Pretendard-SemiBold.otf */; };
		80881940294C027700420788 /* Pretendard-Thin.otf in Resources */ = {isa = PBXBuildFile; fileRef = 80881937294C027600420788 /* Pretendard-Thin.otf */; };
		80881941294C027700420788 /* Pretendard-Light.otf in Resources */ = {isa = PBXBuildFile; fileRef = 80881938294C027600420788 /* Pretendard-Light.otf */; };
		80881942294C027700420788 /* Pretendard-Bold.otf in Resources */ = {isa = PBXBuildFile; fileRef = 80881939294C027700420788 /* Pretendard-Bold.otf */; };
		80881949294C057900420788 /* Font+Ext.swift in Sources */ = {isa = PBXBuildFile; fileRef = 80881948294C057900420788 /* Font+Ext.swift */; };
		80881950294C07DA00420788 /* AppColors.xcassets in Resources */ = {isa = PBXBuildFile; fileRef = 8088194F294C07DA00420788 /* AppColors.xcassets */; };
		80881953294C2CCE00420788 /* Alamofire in Frameworks */ = {isa = PBXBuildFile; productRef = 80881952294C2CCE00420788 /* Alamofire */; };
		80881957294C37BE00420788 /* APIManager.swift in Sources */ = {isa = PBXBuildFile; fileRef = 80881956294C37BE00420788 /* APIManager.swift */; };
		809FB26E29503C3E000E2EC6 /* Encodable+Ext.swift in Sources */ = {isa = PBXBuildFile; fileRef = 809FB26D29503C3E000E2EC6 /* Encodable+Ext.swift */; };
		80A2757C295973FF003295C4 /* BaseView.swift in Sources */ = {isa = PBXBuildFile; fileRef = 80A2757B295973FF003295C4 /* BaseView.swift */; };
		911E0906294496D2000555D8 /* TimerDetailView.swift in Sources */ = {isa = PBXBuildFile; fileRef = 911E0905294496D2000555D8 /* TimerDetailView.swift */; };
		911E090829449A3A000555D8 /* TimerPatternView.swift in Sources */ = {isa = PBXBuildFile; fileRef = 911E090729449A3A000555D8 /* TimerPatternView.swift */; };
		911E090A29449E50000555D8 /* TimerPatternButtonView.swift in Sources */ = {isa = PBXBuildFile; fileRef = 911E090929449E50000555D8 /* TimerPatternButtonView.swift */; };
		912523912937A41800003C87 /* TimerViewModel.swift in Sources */ = {isa = PBXBuildFile; fileRef = 9125238B2937A41800003C87 /* TimerViewModel.swift */; };
		912523922937A41800003C87 /* TimerMainView.swift in Sources */ = {isa = PBXBuildFile; fileRef = 9125238C2937A41800003C87 /* TimerMainView.swift */; };
		912523932937A41800003C87 /* CustomTimerView.swift in Sources */ = {isa = PBXBuildFile; fileRef = 9125238E2937A41800003C87 /* CustomTimerView.swift */; };
		912523942937A41800003C87 /* NormalTimerView.swift in Sources */ = {isa = PBXBuildFile; fileRef = 9125238F2937A41800003C87 /* NormalTimerView.swift */; };
		912523952937A41800003C87 /* TimerButtonView.swift in Sources */ = {isa = PBXBuildFile; fileRef = 912523902937A41800003C87 /* TimerButtonView.swift */; };
		9167D5B42957F2980002651A /* SignUpCompleteView.swift in Sources */ = {isa = PBXBuildFile; fileRef = 9167D5B32957F2980002651A /* SignUpCompleteView.swift */; };
		9167D5BA295806E90002651A /* UserDefault+Ext.swift in Sources */ = {isa = PBXBuildFile; fileRef = 9167D5B9295806E90002651A /* UserDefault+Ext.swift */; };
		9171AF4E2961785F0027339E /* CustomTimerViewModel.swift in Sources */ = {isa = PBXBuildFile; fileRef = 9171AF4D2961785F0027339E /* CustomTimerViewModel.swift */; };
		9171AF50296178D70027339E /* CustomTimerButtonView.swift in Sources */ = {isa = PBXBuildFile; fileRef = 9171AF4F296178D70027339E /* CustomTimerButtonView.swift */; };
		9171AF5329617DD40027339E /* DI_CustomTimer.swift in Sources */ = {isa = PBXBuildFile; fileRef = 9171AF5229617DD40027339E /* DI_CustomTimer.swift */; };
		91B0376C2951F96A000837BA /* View+Ext.swift in Sources */ = {isa = PBXBuildFile; fileRef = 91B0376B2951F96A000837BA /* View+Ext.swift */; };
		91B0376E2951FC1C000837BA /* DI_Base.swift in Sources */ = {isa = PBXBuildFile; fileRef = 91B0376D2951FC1C000837BA /* DI_Base.swift */; };
		91C856EE2948C49B000385C7 /* Color+Ext.swift in Sources */ = {isa = PBXBuildFile; fileRef = 91C856ED2948C49B000385C7 /* Color+Ext.swift */; };
		B609BEF4292EFF99008045CE /* TopMenuVeiw.swift in Sources */ = {isa = PBXBuildFile; fileRef = B609BEF3292EFF99008045CE /* TopMenuVeiw.swift */; };
		B615849F2955516D00A7157A /* MyPageMainViewModel.swift in Sources */ = {isa = PBXBuildFile; fileRef = B615849E2955516D00A7157A /* MyPageMainViewModel.swift */; };
		B6197CFA2937342E006A535D /* SignInView.swift in Sources */ = {isa = PBXBuildFile; fileRef = B6197CF92937342E006A535D /* SignInView.swift */; };
		B623B0F3292F165100BA7BA7 /* HomeMainView.swift in Sources */ = {isa = PBXBuildFile; fileRef = B623B0F2292F165100BA7BA7 /* HomeMainView.swift */; };
		B623B0F7292F16AE00BA7BA7 /* ReportView.swift in Sources */ = {isa = PBXBuildFile; fileRef = B623B0F6292F16AE00BA7BA7 /* ReportView.swift */; };
		B623B115292F3EC400BA7BA7 /* CalendarHelper.swift in Sources */ = {isa = PBXBuildFile; fileRef = B623B114292F3EC400BA7BA7 /* CalendarHelper.swift */; };
		B623B118292F47B500BA7BA7 /* Date+Ext.swift in Sources */ = {isa = PBXBuildFile; fileRef = B623B117292F47B500BA7BA7 /* Date+Ext.swift */; };
		B623B121292F4AF600BA7BA7 /* CalendarTopView.swift in Sources */ = {isa = PBXBuildFile; fileRef = B623B120292F4AF600BA7BA7 /* CalendarTopView.swift */; };
		B623B123292F4B2300BA7BA7 /* DateHolder.swift in Sources */ = {isa = PBXBuildFile; fileRef = B623B122292F4B2300BA7BA7 /* DateHolder.swift */; };
		B623B125292F4E3900BA7BA7 /* CalendarContentWeekRowView.swift in Sources */ = {isa = PBXBuildFile; fileRef = B623B124292F4E3900BA7BA7 /* CalendarContentWeekRowView.swift */; };
		B623B129292F4F4E00BA7BA7 /* CalendarView.swift in Sources */ = {isa = PBXBuildFile; fileRef = B623B128292F4F4E00BA7BA7 /* CalendarView.swift */; };
		B623B12B292F508A00BA7BA7 /* CalendarContentDayRowView.swift in Sources */ = {isa = PBXBuildFile; fileRef = B623B12A292F508A00BA7BA7 /* CalendarContentDayRowView.swift */; };
		B623B12D292F563100BA7BA7 /* CalendarContentCellView.swift in Sources */ = {isa = PBXBuildFile; fileRef = B623B12C292F563100BA7BA7 /* CalendarContentCellView.swift */; };
		B623B12F292F5C5F00BA7BA7 /* Month.swift in Sources */ = {isa = PBXBuildFile; fileRef = B623B12E292F5C5F00BA7BA7 /* Month.swift */; };
		B639D139294F5BE8009AE6C9 /* AccountRequest.swift in Sources */ = {isa = PBXBuildFile; fileRef = B639D138294F5BE8009AE6C9 /* AccountRequest.swift */; };
		B639D13B294F5C07009AE6C9 /* AccountResponse.swift in Sources */ = {isa = PBXBuildFile; fileRef = B639D13A294F5C07009AE6C9 /* AccountResponse.swift */; };
		B641A4522930582100022A58 /* MyPageViewStrings.swift in Sources */ = {isa = PBXBuildFile; fileRef = B641A4512930582100022A58 /* MyPageViewStrings.swift */; };
		B64C977229514290004F9760 /* HomeMainViewModel.swift in Sources */ = {isa = PBXBuildFile; fileRef = B64C977129514290004F9760 /* HomeMainViewModel.swift */; };
		B64C9775295142AC004F9760 /* HomeDetailView.swift in Sources */ = {isa = PBXBuildFile; fileRef = B64C9774295142AC004F9760 /* HomeDetailView.swift */; };
		B64C977729514B47004F9760 /* HomeDetailViewModel.swift in Sources */ = {isa = PBXBuildFile; fileRef = B64C977629514B47004F9760 /* HomeDetailViewModel.swift */; };
		B65208BC294963470095DAB4 /* SignInViewModel.swift in Sources */ = {isa = PBXBuildFile; fileRef = B65208BB294963470095DAB4 /* SignInViewModel.swift */; };
		B65208CA294979760095DAB4 /* AccountAPI.swift in Sources */ = {isa = PBXBuildFile; fileRef = B65208C9294979760095DAB4 /* AccountAPI.swift */; };
		B65208CE29498D1E0095DAB4 /* AccountErrors.swift in Sources */ = {isa = PBXBuildFile; fileRef = B65208CD29498D1E0095DAB4 /* AccountErrors.swift */; };
		B65208D22949BC130095DAB4 /* CustomNavigationBarView.swift in Sources */ = {isa = PBXBuildFile; fileRef = B65208D12949BC130095DAB4 /* CustomNavigationBarView.swift */; };
		B65208D42949BE710095DAB4 /* CustomNavigationBarContainerView.swift in Sources */ = {isa = PBXBuildFile; fileRef = B65208D32949BE710095DAB4 /* CustomNavigationBarContainerView.swift */; };
		B65208D62949C0F60095DAB4 /* CustomNavigationView.swift in Sources */ = {isa = PBXBuildFile; fileRef = B65208D52949C0F60095DAB4 /* CustomNavigationView.swift */; };
		B65208D92949C2AA0095DAB4 /* CustomNavigationLink.swift in Sources */ = {isa = PBXBuildFile; fileRef = B65208D82949C2AA0095DAB4 /* CustomNavigationLink.swift */; };
		B65208DB2949C8670095DAB4 /* CustomNavigationBarPreferenceKey.swift in Sources */ = {isa = PBXBuildFile; fileRef = B65208DA2949C8670095DAB4 /* CustomNavigationBarPreferenceKey.swift */; };
		B65350F22966D8B400880CED /* ReportDetailView.swift in Sources */ = {isa = PBXBuildFile; fileRef = B65350F12966D8B400880CED /* ReportDetailView.swift */; };
		B65350F42966D8BC00880CED /* ReportMainView.swift in Sources */ = {isa = PBXBuildFile; fileRef = B65350F32966D8BC00880CED /* ReportMainView.swift */; };
		B65350F72966D91000880CED /* ReportMainRowView.swift in Sources */ = {isa = PBXBuildFile; fileRef = B65350F62966D91000880CED /* ReportMainRowView.swift */; };
		B6535E65295BE12100372E7E /* ImagePicker.swift in Sources */ = {isa = PBXBuildFile; fileRef = B6535E64295BE12100372E7E /* ImagePicker.swift */; };
		B65AD97C2954063B005AB105 /* AccountMainViewModel.swift in Sources */ = {isa = PBXBuildFile; fileRef = B65AD97B2954063B005AB105 /* AccountMainViewModel.swift */; };
		B65AD97F29542BDA005AB105 /* MyPageDetailView.swift in Sources */ = {isa = PBXBuildFile; fileRef = B65AD97E29542BDA005AB105 /* MyPageDetailView.swift */; };
		B65AD98429542FBE005AB105 /* MyPageDetailProfileModifyView.swift in Sources */ = {isa = PBXBuildFile; fileRef = B65AD98329542FBE005AB105 /* MyPageDetailProfileModifyView.swift */; };
		B65AD9862954307F005AB105 /* MyPageDetailViewModel.swift in Sources */ = {isa = PBXBuildFile; fileRef = B65AD9852954307F005AB105 /* MyPageDetailViewModel.swift */; };
		B66169FA29501DBA000474A9 /* BadgeRowView.swift in Sources */ = {isa = PBXBuildFile; fileRef = B66169F929501DBA000474A9 /* BadgeRowView.swift */; };
		B68B4F22292E627400A9AE99 /* MyPageMainView.swift in Sources */ = {isa = PBXBuildFile; fileRef = B68B4F21292E627400A9AE99 /* MyPageMainView.swift */; };
		B68B4F27292E634D00A9AE99 /* MyPageProfileView.swift in Sources */ = {isa = PBXBuildFile; fileRef = B68B4F26292E634D00A9AE99 /* MyPageProfileView.swift */; };
		B68B4F29292E64E400A9AE99 /* MyPageHistoryView.swift in Sources */ = {isa = PBXBuildFile; fileRef = B68B4F28292E64E400A9AE99 /* MyPageHistoryView.swift */; };
		B68B4F2B292E650700A9AE99 /* MyPageBadgeView.swift in Sources */ = {isa = PBXBuildFile; fileRef = B68B4F2A292E650700A9AE99 /* MyPageBadgeView.swift */; };
		B68CC7ED29309CEA009A0A2F /* WaterIntakeView.swift in Sources */ = {isa = PBXBuildFile; fileRef = B68CC7EC29309CEA009A0A2F /* WaterIntakeView.swift */; };
		B69878AA2948068F00C58869 /* BottomButtonView.swift in Sources */ = {isa = PBXBuildFile; fileRef = B69878A92948068E00C58869 /* BottomButtonView.swift */; };
		B69878AC2948079600C58869 /* CommonButtonView.swift in Sources */ = {isa = PBXBuildFile; fileRef = B69878AB2948079600C58869 /* CommonButtonView.swift */; };
		B69878AE29480B1B00C58869 /* CommonInputFieldView.swift in Sources */ = {isa = PBXBuildFile; fileRef = B69878AD29480B1B00C58869 /* CommonInputFieldView.swift */; };
		B69878B0294810CA00C58869 /* SplashView.swift in Sources */ = {isa = PBXBuildFile; fileRef = B69878AF294810CA00C58869 /* SplashView.swift */; };
		B69878B22948197000C58869 /* AccountMainView.swift in Sources */ = {isa = PBXBuildFile; fileRef = B69878B12948197000C58869 /* AccountMainView.swift */; };
		B6ADAB7829344A870014277B /* Preview Assets.xcassets in Resources */ = {isa = PBXBuildFile; fileRef = B6ADAB7729344A870014277B /* Preview Assets.xcassets */; };
		B6D2889D294AB0370072C347 /* RegExp.swift in Sources */ = {isa = PBXBuildFile; fileRef = B6D2889C294AB0370072C347 /* RegExp.swift */; };
		B6D2889F294AB1010072C347 /* String+Ext.swift in Sources */ = {isa = PBXBuildFile; fileRef = B6D2889E294AB1010072C347 /* String+Ext.swift */; };
		B6D288A1294AED7B0072C347 /* AccountAPIWorker.swift in Sources */ = {isa = PBXBuildFile; fileRef = B6D288A0294AED7B0072C347 /* AccountAPIWorker.swift */; };
		B6D8CED42917D86200420E8E /* healthRoutineApp.swift in Sources */ = {isa = PBXBuildFile; fileRef = B6D8CED32917D86200420E8E /* healthRoutineApp.swift */; };
		B6D8CED62917D86200420E8E /* ContentView.swift in Sources */ = {isa = PBXBuildFile; fileRef = B6D8CED52917D86200420E8E /* ContentView.swift */; };
		B6D8CED82917D86400420E8E /* Assets.xcassets in Resources */ = {isa = PBXBuildFile; fileRef = B6D8CED72917D86400420E8E /* Assets.xcassets */; };
		B6D8CEDB2917D86400420E8E /* Preview Assets.xcassets in Resources */ = {isa = PBXBuildFile; fileRef = B6D8CEDA2917D86400420E8E /* Preview Assets.xcassets */; };
/* End PBXBuildFile section */

/* Begin PBXFileReference section */
		80307690294C5BD200EFF277 /* APIService.swift */ = {isa = PBXFileReference; lastKnownFileType = sourcecode.swift; path = APIService.swift; sourceTree = "<group>"; };
		8060547B295AAD1A002617BA /* Const.swift */ = {isa = PBXFileReference; lastKnownFileType = sourcecode.swift; path = Const.swift; sourceTree = "<group>"; };
		80605481295AC7F5002617BA /* HealthRoutineAPI.swift */ = {isa = PBXFileReference; lastKnownFileType = sourcecode.swift; path = HealthRoutineAPI.swift; sourceTree = "<group>"; };
		807D4D272950430000F757C0 /* KeychainService.swift */ = {isa = PBXFileReference; lastKnownFileType = sourcecode.swift; path = KeychainService.swift; sourceTree = "<group>"; };
		80844064294B2927005A1F75 /* NickNameView.swift */ = {isa = PBXFileReference; fileEncoding = 4; lastKnownFileType = sourcecode.swift; path = NickNameView.swift; sourceTree = "<group>"; };
		80844066294B2927005A1F75 /* SignUpMainView.swift */ = {isa = PBXFileReference; fileEncoding = 4; lastKnownFileType = sourcecode.swift; path = SignUpMainView.swift; sourceTree = "<group>"; };
		80844068294B2927005A1F75 /* SignUpInputView.swift */ = {isa = PBXFileReference; fileEncoding = 4; lastKnownFileType = sourcecode.swift; path = SignUpInputView.swift; sourceTree = "<group>"; };
		8085765C295184A4005DA463 /* SignUpViewModel.swift */ = {isa = PBXFileReference; lastKnownFileType = sourcecode.swift; path = SignUpViewModel.swift; sourceTree = "<group>"; };
		80881931294C027600420788 /* Pretendard-ExtraBold.otf */ = {isa = PBXFileReference; lastKnownFileType = file; path = "Pretendard-ExtraBold.otf"; sourceTree = "<group>"; };
		80881932294C027600420788 /* Pretendard-Black.otf */ = {isa = PBXFileReference; lastKnownFileType = file; path = "Pretendard-Black.otf"; sourceTree = "<group>"; };
		80881933294C027600420788 /* Pretendard-ExtraLight.otf */ = {isa = PBXFileReference; lastKnownFileType = file; path = "Pretendard-ExtraLight.otf"; sourceTree = "<group>"; };
		80881934294C027600420788 /* Pretendard-Medium.otf */ = {isa = PBXFileReference; lastKnownFileType = file; path = "Pretendard-Medium.otf"; sourceTree = "<group>"; };
		80881935294C027600420788 /* Pretendard-Regular.otf */ = {isa = PBXFileReference; lastKnownFileType = file; path = "Pretendard-Regular.otf"; sourceTree = "<group>"; };
		80881936294C027600420788 /* Pretendard-SemiBold.otf */ = {isa = PBXFileReference; lastKnownFileType = file; path = "Pretendard-SemiBold.otf"; sourceTree = "<group>"; };
		80881937294C027600420788 /* Pretendard-Thin.otf */ = {isa = PBXFileReference; lastKnownFileType = file; path = "Pretendard-Thin.otf"; sourceTree = "<group>"; };
		80881938294C027600420788 /* Pretendard-Light.otf */ = {isa = PBXFileReference; lastKnownFileType = file; path = "Pretendard-Light.otf"; sourceTree = "<group>"; };
		80881939294C027700420788 /* Pretendard-Bold.otf */ = {isa = PBXFileReference; lastKnownFileType = file; path = "Pretendard-Bold.otf"; sourceTree = "<group>"; };
		80881948294C057900420788 /* Font+Ext.swift */ = {isa = PBXFileReference; lastKnownFileType = sourcecode.swift; path = "Font+Ext.swift"; sourceTree = "<group>"; };
		8088194F294C07DA00420788 /* AppColors.xcassets */ = {isa = PBXFileReference; lastKnownFileType = folder.assetcatalog; path = AppColors.xcassets; sourceTree = "<group>"; };
		80881956294C37BE00420788 /* APIManager.swift */ = {isa = PBXFileReference; lastKnownFileType = sourcecode.swift; path = APIManager.swift; sourceTree = "<group>"; };
		809FB26D29503C3E000E2EC6 /* Encodable+Ext.swift */ = {isa = PBXFileReference; lastKnownFileType = sourcecode.swift; path = "Encodable+Ext.swift"; sourceTree = "<group>"; };
		80A2757B295973FF003295C4 /* BaseView.swift */ = {isa = PBXFileReference; lastKnownFileType = sourcecode.swift; path = BaseView.swift; sourceTree = "<group>"; };
		911E0905294496D2000555D8 /* TimerDetailView.swift */ = {isa = PBXFileReference; lastKnownFileType = sourcecode.swift; path = TimerDetailView.swift; sourceTree = "<group>"; };
		911E090729449A3A000555D8 /* TimerPatternView.swift */ = {isa = PBXFileReference; lastKnownFileType = sourcecode.swift; path = TimerPatternView.swift; sourceTree = "<group>"; };
		911E090929449E50000555D8 /* TimerPatternButtonView.swift */ = {isa = PBXFileReference; lastKnownFileType = sourcecode.swift; path = TimerPatternButtonView.swift; sourceTree = "<group>"; };
		9125238B2937A41800003C87 /* TimerViewModel.swift */ = {isa = PBXFileReference; fileEncoding = 4; lastKnownFileType = sourcecode.swift; path = TimerViewModel.swift; sourceTree = "<group>"; };
		9125238C2937A41800003C87 /* TimerMainView.swift */ = {isa = PBXFileReference; fileEncoding = 4; lastKnownFileType = sourcecode.swift; path = TimerMainView.swift; sourceTree = "<group>"; };
		9125238E2937A41800003C87 /* CustomTimerView.swift */ = {isa = PBXFileReference; fileEncoding = 4; lastKnownFileType = sourcecode.swift; path = CustomTimerView.swift; sourceTree = "<group>"; };
		9125238F2937A41800003C87 /* NormalTimerView.swift */ = {isa = PBXFileReference; fileEncoding = 4; lastKnownFileType = sourcecode.swift; path = NormalTimerView.swift; sourceTree = "<group>"; };
		912523902937A41800003C87 /* TimerButtonView.swift */ = {isa = PBXFileReference; fileEncoding = 4; lastKnownFileType = sourcecode.swift; path = TimerButtonView.swift; sourceTree = "<group>"; };
		9167D5B32957F2980002651A /* SignUpCompleteView.swift */ = {isa = PBXFileReference; lastKnownFileType = sourcecode.swift; path = SignUpCompleteView.swift; sourceTree = "<group>"; };
		9167D5B9295806E90002651A /* UserDefault+Ext.swift */ = {isa = PBXFileReference; lastKnownFileType = sourcecode.swift; path = "UserDefault+Ext.swift"; sourceTree = "<group>"; };
		9171AF4D2961785F0027339E /* CustomTimerViewModel.swift */ = {isa = PBXFileReference; lastKnownFileType = sourcecode.swift; path = CustomTimerViewModel.swift; sourceTree = "<group>"; };
		9171AF4F296178D70027339E /* CustomTimerButtonView.swift */ = {isa = PBXFileReference; lastKnownFileType = sourcecode.swift; path = CustomTimerButtonView.swift; sourceTree = "<group>"; };
		9171AF5229617DD40027339E /* DI_CustomTimer.swift */ = {isa = PBXFileReference; lastKnownFileType = sourcecode.swift; path = DI_CustomTimer.swift; sourceTree = "<group>"; };
		91B0376A2951F3DD000837BA /* healthRoutineApp.entitlements */ = {isa = PBXFileReference; lastKnownFileType = text.plist.entitlements; path = healthRoutineApp.entitlements; sourceTree = "<group>"; };
		91B0376B2951F96A000837BA /* View+Ext.swift */ = {isa = PBXFileReference; lastKnownFileType = sourcecode.swift; path = "View+Ext.swift"; sourceTree = "<group>"; };
		91B0376D2951FC1C000837BA /* DI_Base.swift */ = {isa = PBXFileReference; lastKnownFileType = sourcecode.swift; path = DI_Base.swift; sourceTree = "<group>"; };
		91C856ED2948C49B000385C7 /* Color+Ext.swift */ = {isa = PBXFileReference; lastKnownFileType = sourcecode.swift; path = "Color+Ext.swift"; sourceTree = "<group>"; };
		B609BEF3292EFF99008045CE /* TopMenuVeiw.swift */ = {isa = PBXFileReference; lastKnownFileType = sourcecode.swift; path = TopMenuVeiw.swift; sourceTree = "<group>"; };
		B615849E2955516D00A7157A /* MyPageMainViewModel.swift */ = {isa = PBXFileReference; lastKnownFileType = sourcecode.swift; path = MyPageMainViewModel.swift; sourceTree = "<group>"; };
		B6197CF92937342E006A535D /* SignInView.swift */ = {isa = PBXFileReference; lastKnownFileType = sourcecode.swift; path = SignInView.swift; sourceTree = "<group>"; };
		B623B0EF292F12DB00BA7BA7 /* Info.plist */ = {isa = PBXFileReference; lastKnownFileType = text.plist.xml; path = Info.plist; sourceTree = "<group>"; };
		B623B0F2292F165100BA7BA7 /* HomeMainView.swift */ = {isa = PBXFileReference; lastKnownFileType = sourcecode.swift; path = HomeMainView.swift; sourceTree = "<group>"; };
		B623B0F6292F16AE00BA7BA7 /* ReportView.swift */ = {isa = PBXFileReference; lastKnownFileType = sourcecode.swift; path = ReportView.swift; sourceTree = "<group>"; };
		B623B114292F3EC400BA7BA7 /* CalendarHelper.swift */ = {isa = PBXFileReference; lastKnownFileType = sourcecode.swift; path = CalendarHelper.swift; sourceTree = "<group>"; };
		B623B117292F47B500BA7BA7 /* Date+Ext.swift */ = {isa = PBXFileReference; lastKnownFileType = sourcecode.swift; path = "Date+Ext.swift"; sourceTree = "<group>"; };
		B623B120292F4AF600BA7BA7 /* CalendarTopView.swift */ = {isa = PBXFileReference; lastKnownFileType = sourcecode.swift; path = CalendarTopView.swift; sourceTree = "<group>"; };
		B623B122292F4B2300BA7BA7 /* DateHolder.swift */ = {isa = PBXFileReference; lastKnownFileType = sourcecode.swift; path = DateHolder.swift; sourceTree = "<group>"; };
		B623B124292F4E3900BA7BA7 /* CalendarContentWeekRowView.swift */ = {isa = PBXFileReference; lastKnownFileType = sourcecode.swift; path = CalendarContentWeekRowView.swift; sourceTree = "<group>"; };
		B623B128292F4F4E00BA7BA7 /* CalendarView.swift */ = {isa = PBXFileReference; lastKnownFileType = sourcecode.swift; path = CalendarView.swift; sourceTree = "<group>"; };
		B623B12A292F508A00BA7BA7 /* CalendarContentDayRowView.swift */ = {isa = PBXFileReference; lastKnownFileType = sourcecode.swift; path = CalendarContentDayRowView.swift; sourceTree = "<group>"; };
		B623B12C292F563100BA7BA7 /* CalendarContentCellView.swift */ = {isa = PBXFileReference; lastKnownFileType = sourcecode.swift; path = CalendarContentCellView.swift; sourceTree = "<group>"; };
		B623B12E292F5C5F00BA7BA7 /* Month.swift */ = {isa = PBXFileReference; lastKnownFileType = sourcecode.swift; path = Month.swift; sourceTree = "<group>"; };
		B639D138294F5BE8009AE6C9 /* AccountRequest.swift */ = {isa = PBXFileReference; lastKnownFileType = sourcecode.swift; path = AccountRequest.swift; sourceTree = "<group>"; };
		B639D13A294F5C07009AE6C9 /* AccountResponse.swift */ = {isa = PBXFileReference; lastKnownFileType = sourcecode.swift; path = AccountResponse.swift; sourceTree = "<group>"; };
		B641A4512930582100022A58 /* MyPageViewStrings.swift */ = {isa = PBXFileReference; lastKnownFileType = sourcecode.swift; path = MyPageViewStrings.swift; sourceTree = "<group>"; };
		B64C977129514290004F9760 /* HomeMainViewModel.swift */ = {isa = PBXFileReference; lastKnownFileType = sourcecode.swift; path = HomeMainViewModel.swift; sourceTree = "<group>"; };
		B64C9774295142AC004F9760 /* HomeDetailView.swift */ = {isa = PBXFileReference; lastKnownFileType = sourcecode.swift; path = HomeDetailView.swift; sourceTree = "<group>"; };
		B64C977629514B47004F9760 /* HomeDetailViewModel.swift */ = {isa = PBXFileReference; lastKnownFileType = sourcecode.swift; path = HomeDetailViewModel.swift; sourceTree = "<group>"; };
		B65208BB294963470095DAB4 /* SignInViewModel.swift */ = {isa = PBXFileReference; lastKnownFileType = sourcecode.swift; path = SignInViewModel.swift; sourceTree = "<group>"; };
		B65208C9294979760095DAB4 /* AccountAPI.swift */ = {isa = PBXFileReference; lastKnownFileType = sourcecode.swift; path = AccountAPI.swift; sourceTree = "<group>"; };
		B65208CD29498D1E0095DAB4 /* AccountErrors.swift */ = {isa = PBXFileReference; lastKnownFileType = sourcecode.swift; path = AccountErrors.swift; sourceTree = "<group>"; };
		B65208D12949BC130095DAB4 /* CustomNavigationBarView.swift */ = {isa = PBXFileReference; lastKnownFileType = sourcecode.swift; path = CustomNavigationBarView.swift; sourceTree = "<group>"; };
		B65208D32949BE710095DAB4 /* CustomNavigationBarContainerView.swift */ = {isa = PBXFileReference; lastKnownFileType = sourcecode.swift; path = CustomNavigationBarContainerView.swift; sourceTree = "<group>"; };
		B65208D52949C0F60095DAB4 /* CustomNavigationView.swift */ = {isa = PBXFileReference; lastKnownFileType = sourcecode.swift; path = CustomNavigationView.swift; sourceTree = "<group>"; };
		B65208D82949C2AA0095DAB4 /* CustomNavigationLink.swift */ = {isa = PBXFileReference; lastKnownFileType = sourcecode.swift; path = CustomNavigationLink.swift; sourceTree = "<group>"; };
		B65208DA2949C8670095DAB4 /* CustomNavigationBarPreferenceKey.swift */ = {isa = PBXFileReference; lastKnownFileType = sourcecode.swift; path = CustomNavigationBarPreferenceKey.swift; sourceTree = "<group>"; };
		B65350F12966D8B400880CED /* ReportDetailView.swift */ = {isa = PBXFileReference; lastKnownFileType = sourcecode.swift; path = ReportDetailView.swift; sourceTree = "<group>"; };
		B65350F32966D8BC00880CED /* ReportMainView.swift */ = {isa = PBXFileReference; lastKnownFileType = sourcecode.swift; path = ReportMainView.swift; sourceTree = "<group>"; };
		B65350F62966D91000880CED /* ReportMainRowView.swift */ = {isa = PBXFileReference; lastKnownFileType = sourcecode.swift; path = ReportMainRowView.swift; sourceTree = "<group>"; };
		B6535E64295BE12100372E7E /* ImagePicker.swift */ = {isa = PBXFileReference; lastKnownFileType = sourcecode.swift; path = ImagePicker.swift; sourceTree = "<group>"; };
		B65AD97B2954063B005AB105 /* AccountMainViewModel.swift */ = {isa = PBXFileReference; lastKnownFileType = sourcecode.swift; path = AccountMainViewModel.swift; sourceTree = "<group>"; };
		B65AD97E29542BDA005AB105 /* MyPageDetailView.swift */ = {isa = PBXFileReference; lastKnownFileType = sourcecode.swift; path = MyPageDetailView.swift; sourceTree = "<group>"; };
		B65AD98329542FBE005AB105 /* MyPageDetailProfileModifyView.swift */ = {isa = PBXFileReference; lastKnownFileType = sourcecode.swift; path = MyPageDetailProfileModifyView.swift; sourceTree = "<group>"; };
		B65AD9852954307F005AB105 /* MyPageDetailViewModel.swift */ = {isa = PBXFileReference; lastKnownFileType = sourcecode.swift; path = MyPageDetailViewModel.swift; sourceTree = "<group>"; };
		B66169F929501DBA000474A9 /* BadgeRowView.swift */ = {isa = PBXFileReference; lastKnownFileType = sourcecode.swift; path = BadgeRowView.swift; sourceTree = "<group>"; };
		B68B4F21292E627400A9AE99 /* MyPageMainView.swift */ = {isa = PBXFileReference; lastKnownFileType = sourcecode.swift; path = MyPageMainView.swift; sourceTree = "<group>"; };
		B68B4F26292E634D00A9AE99 /* MyPageProfileView.swift */ = {isa = PBXFileReference; lastKnownFileType = sourcecode.swift; path = MyPageProfileView.swift; sourceTree = "<group>"; };
		B68B4F28292E64E400A9AE99 /* MyPageHistoryView.swift */ = {isa = PBXFileReference; lastKnownFileType = sourcecode.swift; path = MyPageHistoryView.swift; sourceTree = "<group>"; };
		B68B4F2A292E650700A9AE99 /* MyPageBadgeView.swift */ = {isa = PBXFileReference; lastKnownFileType = sourcecode.swift; path = MyPageBadgeView.swift; sourceTree = "<group>"; };
		B68CC7EC29309CEA009A0A2F /* WaterIntakeView.swift */ = {isa = PBXFileReference; lastKnownFileType = sourcecode.swift; path = WaterIntakeView.swift; sourceTree = "<group>"; };
		B69878A92948068E00C58869 /* BottomButtonView.swift */ = {isa = PBXFileReference; lastKnownFileType = sourcecode.swift; path = BottomButtonView.swift; sourceTree = "<group>"; };
		B69878AB2948079600C58869 /* CommonButtonView.swift */ = {isa = PBXFileReference; lastKnownFileType = sourcecode.swift; path = CommonButtonView.swift; sourceTree = "<group>"; };
		B69878AD29480B1B00C58869 /* CommonInputFieldView.swift */ = {isa = PBXFileReference; lastKnownFileType = sourcecode.swift; path = CommonInputFieldView.swift; sourceTree = "<group>"; };
		B69878AF294810CA00C58869 /* SplashView.swift */ = {isa = PBXFileReference; lastKnownFileType = sourcecode.swift; path = SplashView.swift; sourceTree = "<group>"; };
		B69878B12948197000C58869 /* AccountMainView.swift */ = {isa = PBXFileReference; lastKnownFileType = sourcecode.swift; path = AccountMainView.swift; sourceTree = "<group>"; };
		B6ADAB7729344A870014277B /* Preview Assets.xcassets */ = {isa = PBXFileReference; lastKnownFileType = folder.assetcatalog; path = "Preview Assets.xcassets"; sourceTree = "<group>"; };
		B6ADAB7D29344EA30014277B /* HealthRoutine */ = {isa = PBXFileReference; lastKnownFileType = wrapper; path = HealthRoutine; sourceTree = "<group>"; };
		B6D2889C294AB0370072C347 /* RegExp.swift */ = {isa = PBXFileReference; lastKnownFileType = sourcecode.swift; path = RegExp.swift; sourceTree = "<group>"; };
		B6D2889E294AB1010072C347 /* String+Ext.swift */ = {isa = PBXFileReference; lastKnownFileType = sourcecode.swift; path = "String+Ext.swift"; sourceTree = "<group>"; };
		B6D288A0294AED7B0072C347 /* AccountAPIWorker.swift */ = {isa = PBXFileReference; lastKnownFileType = sourcecode.swift; path = AccountAPIWorker.swift; sourceTree = "<group>"; };
		B6D8CED02917D86200420E8E /* healthRoutineApp.app */ = {isa = PBXFileReference; explicitFileType = wrapper.application; includeInIndex = 0; path = healthRoutineApp.app; sourceTree = BUILT_PRODUCTS_DIR; };
		B6D8CED32917D86200420E8E /* healthRoutineApp.swift */ = {isa = PBXFileReference; lastKnownFileType = sourcecode.swift; path = healthRoutineApp.swift; sourceTree = "<group>"; };
		B6D8CED52917D86200420E8E /* ContentView.swift */ = {isa = PBXFileReference; lastKnownFileType = sourcecode.swift; path = ContentView.swift; sourceTree = "<group>"; };
		B6D8CED72917D86400420E8E /* Assets.xcassets */ = {isa = PBXFileReference; lastKnownFileType = folder.assetcatalog; path = Assets.xcassets; sourceTree = "<group>"; };
		B6D8CEDA2917D86400420E8E /* Preview Assets.xcassets */ = {isa = PBXFileReference; lastKnownFileType = folder.assetcatalog; path = "Preview Assets.xcassets"; sourceTree = "<group>"; };
/* End PBXFileReference section */

/* Begin PBXFrameworksBuildPhase section */
		B6D8CECD2917D86200420E8E /* Frameworks */ = {
			isa = PBXFrameworksBuildPhase;
			buildActionMask = 2147483647;
			files = (
				80881953294C2CCE00420788 /* Alamofire in Frameworks */,
			);
			runOnlyForDeploymentPostprocessing = 0;
		};
/* End PBXFrameworksBuildPhase section */

/* Begin PBXGroup section */
		80307686294C42CD00EFF277 /* Network */ = {
			isa = PBXGroup;
			children = (
				80881956294C37BE00420788 /* APIManager.swift */,
				80307690294C5BD200EFF277 /* APIService.swift */,
				80605481295AC7F5002617BA /* HealthRoutineAPI.swift */,
				91B0376D2951FC1C000837BA /* DI_Base.swift */,
			);
			path = Network;
			sourceTree = "<group>";
		};
		8084405F294B2927005A1F75 /* SignUp */ = {
			isa = PBXGroup;
			children = (
				80844060294B2927005A1F75 /* ViewModel */,
				80844067294B2927005A1F75 /* Views */,
			);
			path = SignUp;
			sourceTree = "<group>";
		};
		80844060294B2927005A1F75 /* ViewModel */ = {
			isa = PBXGroup;
			children = (
				8085765C295184A4005DA463 /* SignUpViewModel.swift */,
			);
			path = ViewModel;
			sourceTree = "<group>";
		};
		80844067294B2927005A1F75 /* Views */ = {
			isa = PBXGroup;
			children = (
				80844066294B2927005A1F75 /* SignUpMainView.swift */,
				80844068294B2927005A1F75 /* SignUpInputView.swift */,
				80844064294B2927005A1F75 /* NickNameView.swift */,
				9167D5B32957F2980002651A /* SignUpCompleteView.swift */,
			);
			path = Views;
			sourceTree = "<group>";
		};
		80881930294C026B00420788 /* Fonts */ = {
			isa = PBXGroup;
			children = (
				80881943294C027F00420788 /* Pretendard */,
			);
			path = Fonts;
			sourceTree = "<group>";
		};
		80881943294C027F00420788 /* Pretendard */ = {
			isa = PBXGroup;
			children = (
				80881932294C027600420788 /* Pretendard-Black.otf */,
				80881939294C027700420788 /* Pretendard-Bold.otf */,
				80881931294C027600420788 /* Pretendard-ExtraBold.otf */,
				80881933294C027600420788 /* Pretendard-ExtraLight.otf */,
				80881938294C027600420788 /* Pretendard-Light.otf */,
				80881934294C027600420788 /* Pretendard-Medium.otf */,
				80881935294C027600420788 /* Pretendard-Regular.otf */,
				80881936294C027600420788 /* Pretendard-SemiBold.otf */,
				80881937294C027600420788 /* Pretendard-Thin.otf */,
			);
			path = Pretendard;
			sourceTree = "<group>";
		};
		8088194A294C078B00420788 /* AppColors */ = {
			isa = PBXGroup;
			children = (
				8088194F294C07DA00420788 /* AppColors.xcassets */,
			);
			path = AppColors;
			sourceTree = "<group>";
		};
		911E090329449655000555D8 /* Main */ = {
			isa = PBXGroup;
			children = (
				9125238C2937A41800003C87 /* TimerMainView.swift */,
			);
			path = Main;
			sourceTree = "<group>";
		};
		911E090429449662000555D8 /* Detail */ = {
			isa = PBXGroup;
			children = (
				911E0905294496D2000555D8 /* TimerDetailView.swift */,
			);
			path = Detail;
			sourceTree = "<group>";
		};
		912523892937A41800003C87 /* Timer */ = {
			isa = PBXGroup;
			children = (
				911E090429449662000555D8 /* Detail */,
				911E090329449655000555D8 /* Main */,
				9125238A2937A41800003C87 /* ViewData */,
				9171AF5129617BC00027339E /* Model */,
				9125238D2937A41800003C87 /* Views */,
			);
			path = Timer;
			sourceTree = "<group>";
		};
		9125238A2937A41800003C87 /* ViewData */ = {
			isa = PBXGroup;
			children = (
				9125238B2937A41800003C87 /* TimerViewModel.swift */,
				9171AF4D2961785F0027339E /* CustomTimerViewModel.swift */,
			);
			path = ViewData;
			sourceTree = "<group>";
		};
		9125238D2937A41800003C87 /* Views */ = {
			isa = PBXGroup;
			children = (
				9171AF4B296173DA0027339E /* NormalTimer */,
				9171AF4C296174070027339E /* CustomTimer */,
				911E090729449A3A000555D8 /* TimerPatternView.swift */,
				911E090929449E50000555D8 /* TimerPatternButtonView.swift */,
			);
			path = Views;
			sourceTree = "<group>";
		};
		9171AF4B296173DA0027339E /* NormalTimer */ = {
			isa = PBXGroup;
			children = (
				9125238F2937A41800003C87 /* NormalTimerView.swift */,
				912523902937A41800003C87 /* TimerButtonView.swift */,
			);
			path = NormalTimer;
			sourceTree = "<group>";
		};
		9171AF4C296174070027339E /* CustomTimer */ = {
			isa = PBXGroup;
			children = (
				9125238E2937A41800003C87 /* CustomTimerView.swift */,
				9171AF4F296178D70027339E /* CustomTimerButtonView.swift */,
			);
			path = CustomTimer;
			sourceTree = "<group>";
		};
		9171AF5129617BC00027339E /* Model */ = {
			isa = PBXGroup;
			children = (
				9171AF5229617DD40027339E /* DI_CustomTimer.swift */,
			);
			path = Model;
			sourceTree = "<group>";
		};
		B609BEF2292EFB60008045CE /* Common */ = {
			isa = PBXGroup;
			children = (
				B623B0F5292F169300BA7BA7 /* Views */,
				B623B122292F4B2300BA7BA7 /* DateHolder.swift */,
				B623B12E292F5C5F00BA7BA7 /* Month.swift */,
				807D4D272950430000F757C0 /* KeychainService.swift */,
				8060547B295AAD1A002617BA /* Const.swift */,
			);
			path = Common;
			sourceTree = "<group>";
		};
		B6197CF6293733E9006A535D /* SignIn */ = {
			isa = PBXGroup;
			children = (
				B6197CF92937342E006A535D /* SignInView.swift */,
				B65208BB294963470095DAB4 /* SignInViewModel.swift */,
			);
			path = SignIn;
			sourceTree = "<group>";
		};
		B623B0F4292F167900BA7BA7 /* Report */ = {
			isa = PBXGroup;
			children = (
				B65350F02966D8A600880CED /* ReportDetail */,
				B65350EF2966D89B00880CED /* ReportMain */,
				B623B0F6292F16AE00BA7BA7 /* ReportView.swift */,
			);
			path = Report;
			sourceTree = "<group>";
		};
		B623B0F5292F169300BA7BA7 /* Views */ = {
			isa = PBXGroup;
			children = (
				B65208D72949C2980095DAB4 /* Navigation */,
				B609BEF3292EFF99008045CE /* TopMenuVeiw.swift */,
				B69878A92948068E00C58869 /* BottomButtonView.swift */,
				B69878AB2948079600C58869 /* CommonButtonView.swift */,
				B69878AD29480B1B00C58869 /* CommonInputFieldView.swift */,
				80A2757B295973FF003295C4 /* BaseView.swift */,
			);
			path = Views;
			sourceTree = "<group>";
		};
		B623B0F9292F17B200BA7BA7 /* Resources */ = {
			isa = PBXGroup;
			children = (
				8088194A294C078B00420788 /* AppColors */,
				80881930294C026B00420788 /* Fonts */,
				B6ADAB7729344A870014277B /* Preview Assets.xcassets */,
				B623B0EF292F12DB00BA7BA7 /* Info.plist */,
				B6D8CED72917D86400420E8E /* Assets.xcassets */,
				B623B0FA292F17B200BA7BA7 /* Localizables */,
			);
			path = Resources;
			sourceTree = "<group>";
		};
		B623B0FA292F17B200BA7BA7 /* Localizables */ = {
			isa = PBXGroup;
			children = (
			);
			path = Localizables;
			sourceTree = "<group>";
		};
		B623B113292F3EB800BA7BA7 /* Tools */ = {
			isa = PBXGroup;
			children = (
				B623B114292F3EC400BA7BA7 /* CalendarHelper.swift */,
				B6D2889C294AB0370072C347 /* RegExp.swift */,
				B6535E64295BE12100372E7E /* ImagePicker.swift */,
			);
			path = Tools;
			sourceTree = "<group>";
		};
		B623B116292F47A900BA7BA7 /* Extension */ = {
			isa = PBXGroup;
			children = (
				B623B117292F47B500BA7BA7 /* Date+Ext.swift */,
				91C856ED2948C49B000385C7 /* Color+Ext.swift */,
				B6D2889E294AB1010072C347 /* String+Ext.swift */,
				80881948294C057900420788 /* Font+Ext.swift */,
				809FB26D29503C3E000E2EC6 /* Encodable+Ext.swift */,
				91B0376B2951F96A000837BA /* View+Ext.swift */,
				9167D5B9295806E90002651A /* UserDefault+Ext.swift */,
			);
			path = Extension;
			sourceTree = "<group>";
		};
		B623B119292F48B700BA7BA7 /* MyPageMain */ = {
			isa = PBXGroup;
			children = (
				B68B4F25292E633500A9AE99 /* Views */,
				B68B4F21292E627400A9AE99 /* MyPageMainView.swift */,
				B615849E2955516D00A7157A /* MyPageMainViewModel.swift */,
			);
			path = MyPageMain;
			sourceTree = "<group>";
		};
		B623B11A292F493200BA7BA7 /* HomeMain */ = {
			isa = PBXGroup;
			children = (
				B623B0F2292F165100BA7BA7 /* HomeMainView.swift */,
				B64C977129514290004F9760 /* HomeMainViewModel.swift */,
			);
			path = HomeMain;
			sourceTree = "<group>";
		};
		B623B11B292F497000BA7BA7 /* Views */ = {
			isa = PBXGroup;
			children = (
				B66169F829501D8C000474A9 /* Calendar */,
				B68CC7EC29309CEA009A0A2F /* WaterIntakeView.swift */,
				B66169F929501DBA000474A9 /* BadgeRowView.swift */,
			);
			name = Views;
			path = HomeMain/Views;
			sourceTree = "<group>";
		};
		B639D136294F5BC6009AE6C9 /* Request */ = {
			isa = PBXGroup;
			children = (
				B639D138294F5BE8009AE6C9 /* AccountRequest.swift */,
			);
			path = Request;
			sourceTree = "<group>";
		};
		B639D137294F5BD2009AE6C9 /* Response */ = {
			isa = PBXGroup;
			children = (
				B639D13A294F5C07009AE6C9 /* AccountResponse.swift */,
			);
			path = Response;
			sourceTree = "<group>";
		};
		B64C97732951429F004F9760 /* HomeDetail */ = {
			isa = PBXGroup;
			children = (
				B64C9774295142AC004F9760 /* HomeDetailView.swift */,
				B64C977629514B47004F9760 /* HomeDetailViewModel.swift */,
			);
			path = HomeDetail;
			sourceTree = "<group>";
		};
		B64C977829514EDB004F9760 /* Account */ = {
			isa = PBXGroup;
			children = (
				B69878B12948197000C58869 /* AccountMainView.swift */,
				B65AD97B2954063B005AB105 /* AccountMainViewModel.swift */,
				B6197CF6293733E9006A535D /* SignIn */,
				8084405F294B2927005A1F75 /* SignUp */,
			);
			path = Account;
			sourceTree = "<group>";
		};
		B65208C12949728A0095DAB4 /* Domain */ = {
			isa = PBXGroup;
			children = (
				80307686294C42CD00EFF277 /* Network */,
				B65208C6294975350095DAB4 /* Account */,
			);
			path = Domain;
			sourceTree = "<group>";
		};
		B65208C6294975350095DAB4 /* Account */ = {
			isa = PBXGroup;
			children = (
				B639D137294F5BD2009AE6C9 /* Response */,
				B639D136294F5BC6009AE6C9 /* Request */,
				B65208C9294979760095DAB4 /* AccountAPI.swift */,
				B65208CD29498D1E0095DAB4 /* AccountErrors.swift */,
				B6D288A0294AED7B0072C347 /* AccountAPIWorker.swift */,
			);
			path = Account;
			sourceTree = "<group>";
		};
		B65208D72949C2980095DAB4 /* Navigation */ = {
			isa = PBXGroup;
			children = (
				B65208D12949BC130095DAB4 /* CustomNavigationBarView.swift */,
				B65208D32949BE710095DAB4 /* CustomNavigationBarContainerView.swift */,
				B65208D52949C0F60095DAB4 /* CustomNavigationView.swift */,
				B65208D82949C2AA0095DAB4 /* CustomNavigationLink.swift */,
				B65208DA2949C8670095DAB4 /* CustomNavigationBarPreferenceKey.swift */,
			);
			path = Navigation;
			sourceTree = "<group>";
		};
		B65350EF2966D89B00880CED /* ReportMain */ = {
			isa = PBXGroup;
			children = (
				B65350F52966D90400880CED /* Views */,
				B65350F32966D8BC00880CED /* ReportMainView.swift */,
			);
			path = ReportMain;
			sourceTree = "<group>";
		};
		B65350F02966D8A600880CED /* ReportDetail */ = {
			isa = PBXGroup;
			children = (
				B65350F12966D8B400880CED /* ReportDetailView.swift */,
			);
			path = ReportDetail;
			sourceTree = "<group>";
		};
		B65350F52966D90400880CED /* Views */ = {
			isa = PBXGroup;
			children = (
				B65350F62966D91000880CED /* ReportMainRowView.swift */,
			);
			path = Views;
			sourceTree = "<group>";
		};
		B65AD97D29542BCC005AB105 /* MyPageDetail */ = {
			isa = PBXGroup;
			children = (
				B65AD97E29542BDA005AB105 /* MyPageDetailView.swift */,
				B65AD98329542FBE005AB105 /* MyPageDetailProfileModifyView.swift */,
				B65AD9852954307F005AB105 /* MyPageDetailViewModel.swift */,
			);
			path = MyPageDetail;
			sourceTree = "<group>";
		};
		B66169F829501D8C000474A9 /* Calendar */ = {
			isa = PBXGroup;
			children = (
				B623B128292F4F4E00BA7BA7 /* CalendarView.swift */,
				B623B120292F4AF600BA7BA7 /* CalendarTopView.swift */,
				B623B124292F4E3900BA7BA7 /* CalendarContentWeekRowView.swift */,
				B623B12A292F508A00BA7BA7 /* CalendarContentDayRowView.swift */,
				B623B12C292F563100BA7BA7 /* CalendarContentCellView.swift */,
			);
			path = Calendar;
			sourceTree = "<group>";
		};
		B68B4F1A292E61EE00A9AE99 /* Scence */ = {
			isa = PBXGroup;
			children = (
				B64C977829514EDB004F9760 /* Account */,
				912523892937A41800003C87 /* Timer */,
				B68B4F1D292E620000A9AE99 /* Home */,
				B623B0F4292F167900BA7BA7 /* Report */,
				B68B4F20292E621A00A9AE99 /* MyPage */,
			);
			path = Scence;
			sourceTree = "<group>";
		};
		B68B4F1D292E620000A9AE99 /* Home */ = {
			isa = PBXGroup;
			children = (
				B64C97732951429F004F9760 /* HomeDetail */,
				B623B11B292F497000BA7BA7 /* Views */,
				B623B11A292F493200BA7BA7 /* HomeMain */,
			);
			path = Home;
			sourceTree = "<group>";
		};
		B68B4F20292E621A00A9AE99 /* MyPage */ = {
			isa = PBXGroup;
			children = (
				B65AD97D29542BCC005AB105 /* MyPageDetail */,
				B623B119292F48B700BA7BA7 /* MyPageMain */,
				B641A4512930582100022A58 /* MyPageViewStrings.swift */,
			);
			path = MyPage;
			sourceTree = "<group>";
		};
		B68B4F25292E633500A9AE99 /* Views */ = {
			isa = PBXGroup;
			children = (
				B68B4F26292E634D00A9AE99 /* MyPageProfileView.swift */,
				B68B4F28292E64E400A9AE99 /* MyPageHistoryView.swift */,
				B68B4F2A292E650700A9AE99 /* MyPageBadgeView.swift */,
			);
			path = Views;
			sourceTree = "<group>";
		};
		B6D8CEC72917D86200420E8E = {
			isa = PBXGroup;
			children = (
				B6ADAB7D29344EA30014277B /* HealthRoutine */,
				B6D8CED22917D86200420E8E /* healthRoutineApp */,
				B6D8CED12917D86200420E8E /* Products */,
			);
			sourceTree = "<group>";
		};
		B6D8CED12917D86200420E8E /* Products */ = {
			isa = PBXGroup;
			children = (
				B6D8CED02917D86200420E8E /* healthRoutineApp.app */,
			);
			name = Products;
			sourceTree = "<group>";
		};
		B6D8CED22917D86200420E8E /* healthRoutineApp */ = {
			isa = PBXGroup;
			children = (
				91B0376A2951F3DD000837BA /* healthRoutineApp.entitlements */,
				B65208C12949728A0095DAB4 /* Domain */,
				B68B4F1A292E61EE00A9AE99 /* Scence */,
				B69878AF294810CA00C58869 /* SplashView.swift */,
				B623B116292F47A900BA7BA7 /* Extension */,
				B623B113292F3EB800BA7BA7 /* Tools */,
				B609BEF2292EFB60008045CE /* Common */,
				B623B0F9292F17B200BA7BA7 /* Resources */,
				B6D8CED32917D86200420E8E /* healthRoutineApp.swift */,
				B6D8CED52917D86200420E8E /* ContentView.swift */,
				B6D8CED92917D86400420E8E /* Preview Content */,
			);
			path = healthRoutineApp;
			sourceTree = "<group>";
		};
		B6D8CED92917D86400420E8E /* Preview Content */ = {
			isa = PBXGroup;
			children = (
				B6D8CEDA2917D86400420E8E /* Preview Assets.xcassets */,
			);
			path = "Preview Content";
			sourceTree = "<group>";
		};
/* End PBXGroup section */

/* Begin PBXNativeTarget section */
		B6D8CECF2917D86200420E8E /* healthRoutineApp */ = {
			isa = PBXNativeTarget;
			buildConfigurationList = B6D8CEDE2917D86400420E8E /* Build configuration list for PBXNativeTarget "healthRoutineApp" */;
			buildPhases = (
				B6D8CECC2917D86200420E8E /* Sources */,
				B6D8CECD2917D86200420E8E /* Frameworks */,
				B6D8CECE2917D86200420E8E /* Resources */,
			);
			buildRules = (
			);
			dependencies = (
			);
			name = healthRoutineApp;
			packageProductDependencies = (
				80881952294C2CCE00420788 /* Alamofire */,
			);
			productName = healthRoutineApp;
			productReference = B6D8CED02917D86200420E8E /* healthRoutineApp.app */;
			productType = "com.apple.product-type.application";
		};
/* End PBXNativeTarget section */

/* Begin PBXProject section */
		B6D8CEC82917D86200420E8E /* Project object */ = {
			isa = PBXProject;
			attributes = {
				BuildIndependentTargetsInParallel = 1;
				LastSwiftUpdateCheck = 1400;
				LastUpgradeCheck = 1400;
				TargetAttributes = {
					B6D8CECF2917D86200420E8E = {
						CreatedOnToolsVersion = 14.0.1;
					};
				};
			};
			buildConfigurationList = B6D8CECB2917D86200420E8E /* Build configuration list for PBXProject "healthRoutineApp" */;
			compatibilityVersion = "Xcode 14.0";
			developmentRegion = en;
			hasScannedForEncodings = 0;
			knownRegions = (
				en,
				Base,
			);
			mainGroup = B6D8CEC72917D86200420E8E;
			packageReferences = (
				80881951294C2CCE00420788 /* XCRemoteSwiftPackageReference "Alamofire" */,
			);
			productRefGroup = B6D8CED12917D86200420E8E /* Products */;
			projectDirPath = "";
			projectRoot = "";
			targets = (
				B6D8CECF2917D86200420E8E /* healthRoutineApp */,
			);
		};
/* End PBXProject section */

/* Begin PBXResourcesBuildPhase section */
		B6D8CECE2917D86200420E8E /* Resources */ = {
			isa = PBXResourcesBuildPhase;
			buildActionMask = 2147483647;
			files = (
				80881950294C07DA00420788 /* AppColors.xcassets in Resources */,
				8088193D294C027700420788 /* Pretendard-Medium.otf in Resources */,
				80881942294C027700420788 /* Pretendard-Bold.otf in Resources */,
				80881940294C027700420788 /* Pretendard-Thin.otf in Resources */,
				8088193C294C027700420788 /* Pretendard-ExtraLight.otf in Resources */,
				B6D8CEDB2917D86400420E8E /* Preview Assets.xcassets in Resources */,
				B6ADAB7829344A870014277B /* Preview Assets.xcassets in Resources */,
				80881941294C027700420788 /* Pretendard-Light.otf in Resources */,
				8088193A294C027700420788 /* Pretendard-ExtraBold.otf in Resources */,
				8088193E294C027700420788 /* Pretendard-Regular.otf in Resources */,
				8088193F294C027700420788 /* Pretendard-SemiBold.otf in Resources */,
				B6D8CED82917D86400420E8E /* Assets.xcassets in Resources */,
				8088193B294C027700420788 /* Pretendard-Black.otf in Resources */,
			);
			runOnlyForDeploymentPostprocessing = 0;
		};
/* End PBXResourcesBuildPhase section */

/* Begin PBXSourcesBuildPhase section */
		B6D8CECC2917D86200420E8E /* Sources */ = {
			isa = PBXSourcesBuildPhase;
			buildActionMask = 2147483647;
			files = (
				912523922937A41800003C87 /* TimerMainView.swift in Sources */,
				8060547C295AAD1A002617BA /* Const.swift in Sources */,
				80605482295AC7F5002617BA /* HealthRoutineAPI.swift in Sources */,
				B68B4F29292E64E400A9AE99 /* MyPageHistoryView.swift in Sources */,
				B6D8CED62917D86200420E8E /* ContentView.swift in Sources */,
				8084406B294B2927005A1F75 /* NickNameView.swift in Sources */,
				B65208D42949BE710095DAB4 /* CustomNavigationBarContainerView.swift in Sources */,
				B64C9775295142AC004F9760 /* HomeDetailView.swift in Sources */,
				B65AD98429542FBE005AB105 /* MyPageDetailProfileModifyView.swift in Sources */,
				912523942937A41800003C87 /* NormalTimerView.swift in Sources */,
				B623B12D292F563100BA7BA7 /* CalendarContentCellView.swift in Sources */,
				B64C977729514B47004F9760 /* HomeDetailViewModel.swift in Sources */,
				B623B129292F4F4E00BA7BA7 /* CalendarView.swift in Sources */,
				91B0376E2951FC1C000837BA /* DI_Base.swift in Sources */,
				80A2757C295973FF003295C4 /* BaseView.swift in Sources */,
				80307691294C5BD200EFF277 /* APIService.swift in Sources */,
				B623B121292F4AF600BA7BA7 /* CalendarTopView.swift in Sources */,
				912523932937A41800003C87 /* CustomTimerView.swift in Sources */,
				B64C977229514290004F9760 /* HomeMainViewModel.swift in Sources */,
				911E090A29449E50000555D8 /* TimerPatternButtonView.swift in Sources */,
				B623B12B292F508A00BA7BA7 /* CalendarContentDayRowView.swift in Sources */,
				8084406D294B2927005A1F75 /* SignUpInputView.swift in Sources */,
				B65208D22949BC130095DAB4 /* CustomNavigationBarView.swift in Sources */,
				9167D5BA295806E90002651A /* UserDefault+Ext.swift in Sources */,
				B623B12F292F5C5F00BA7BA7 /* Month.swift in Sources */,
				B6D8CED42917D86200420E8E /* healthRoutineApp.swift in Sources */,
				B65208CA294979760095DAB4 /* AccountAPI.swift in Sources */,
				B6535E65295BE12100372E7E /* ImagePicker.swift in Sources */,
				B65208D62949C0F60095DAB4 /* CustomNavigationView.swift in Sources */,
				B6D2889F294AB1010072C347 /* String+Ext.swift in Sources */,
				B623B118292F47B500BA7BA7 /* Date+Ext.swift in Sources */,
				B65350F22966D8B400880CED /* ReportDetailView.swift in Sources */,
				B69878AE29480B1B00C58869 /* CommonInputFieldView.swift in Sources */,
				B623B0F3292F165100BA7BA7 /* HomeMainView.swift in Sources */,
				80881957294C37BE00420788 /* APIManager.swift in Sources */,
				B6D288A1294AED7B0072C347 /* AccountAPIWorker.swift in Sources */,
				B641A4522930582100022A58 /* MyPageViewStrings.swift in Sources */,
				911E0906294496D2000555D8 /* TimerDetailView.swift in Sources */,
				B65350F72966D91000880CED /* ReportMainRowView.swift in Sources */,
				911E090829449A3A000555D8 /* TimerPatternView.swift in Sources */,
				807D4D282950430000F757C0 /* KeychainService.swift in Sources */,
				B65208DB2949C8670095DAB4 /* CustomNavigationBarPreferenceKey.swift in Sources */,
				B65208CE29498D1E0095DAB4 /* AccountErrors.swift in Sources */,
				B68B4F27292E634D00A9AE99 /* MyPageProfileView.swift in Sources */,
				B6D2889D294AB0370072C347 /* RegExp.swift in Sources */,
				B68CC7ED29309CEA009A0A2F /* WaterIntakeView.swift in Sources */,
				B623B123292F4B2300BA7BA7 /* DateHolder.swift in Sources */,
				B68B4F2B292E650700A9AE99 /* MyPageBadgeView.swift in Sources */,
				B69878AA2948068F00C58869 /* BottomButtonView.swift in Sources */,
				B69878B0294810CA00C58869 /* SplashView.swift in Sources */,
				B6197CFA2937342E006A535D /* SignInView.swift in Sources */,
				8084406C294B2927005A1F75 /* SignUpMainView.swift in Sources */,
				9171AF5329617DD40027339E /* DI_CustomTimer.swift in Sources */,
				B623B115292F3EC400BA7BA7 /* CalendarHelper.swift in Sources */,
				B623B125292F4E3900BA7BA7 /* CalendarContentWeekRowView.swift in Sources */,
				B69878B22948197000C58869 /* AccountMainView.swift in Sources */,
				91C856EE2948C49B000385C7 /* Color+Ext.swift in Sources */,
				80881949294C057900420788 /* Font+Ext.swift in Sources */,
				B68B4F22292E627400A9AE99 /* MyPageMainView.swift in Sources */,
				9171AF4E2961785F0027339E /* CustomTimerViewModel.swift in Sources */,
				B65350F42966D8BC00880CED /* ReportMainView.swift in Sources */,
				B615849F2955516D00A7157A /* MyPageMainViewModel.swift in Sources */,
				B65208D92949C2AA0095DAB4 /* CustomNavigationLink.swift in Sources */,
				8085765D295184A4005DA463 /* SignUpViewModel.swift in Sources */,
				912523912937A41800003C87 /* TimerViewModel.swift in Sources */,
				B69878AC2948079600C58869 /* CommonButtonView.swift in Sources */,
				809FB26E29503C3E000E2EC6 /* Encodable+Ext.swift in Sources */,
				B65AD97C2954063B005AB105 /* AccountMainViewModel.swift in Sources */,
				B65AD9862954307F005AB105 /* MyPageDetailViewModel.swift in Sources */,
				B623B0F7292F16AE00BA7BA7 /* ReportView.swift in Sources */,
				912523952937A41800003C87 /* TimerButtonView.swift in Sources */,
				B65AD97F29542BDA005AB105 /* MyPageDetailView.swift in Sources */,
				B65208BC294963470095DAB4 /* SignInViewModel.swift in Sources */,
				B609BEF4292EFF99008045CE /* TopMenuVeiw.swift in Sources */,
				91B0376C2951F96A000837BA /* View+Ext.swift in Sources */,
				B66169FA29501DBA000474A9 /* BadgeRowView.swift in Sources */,
				B639D13B294F5C07009AE6C9 /* AccountResponse.swift in Sources */,
				9171AF50296178D70027339E /* CustomTimerButtonView.swift in Sources */,
				B639D139294F5BE8009AE6C9 /* AccountRequest.swift in Sources */,
				9167D5B42957F2980002651A /* SignUpCompleteView.swift in Sources */,
			);
			runOnlyForDeploymentPostprocessing = 0;
		};
/* End PBXSourcesBuildPhase section */

/* Begin XCBuildConfiguration section */
		B6D8CEDC2917D86400420E8E /* Debug */ = {
			isa = XCBuildConfiguration;
			buildSettings = {
				ALWAYS_SEARCH_USER_PATHS = NO;
				CLANG_ANALYZER_NONNULL = YES;
				CLANG_ANALYZER_NUMBER_OBJECT_CONVERSION = YES_AGGRESSIVE;
				CLANG_CXX_LANGUAGE_STANDARD = "gnu++20";
				CLANG_ENABLE_MODULES = YES;
				CLANG_ENABLE_OBJC_ARC = YES;
				CLANG_ENABLE_OBJC_WEAK = YES;
				CLANG_WARN_BLOCK_CAPTURE_AUTORELEASING = YES;
				CLANG_WARN_BOOL_CONVERSION = YES;
				CLANG_WARN_COMMA = YES;
				CLANG_WARN_CONSTANT_CONVERSION = YES;
				CLANG_WARN_DEPRECATED_OBJC_IMPLEMENTATIONS = YES;
				CLANG_WARN_DIRECT_OBJC_ISA_USAGE = YES_ERROR;
				CLANG_WARN_DOCUMENTATION_COMMENTS = YES;
				CLANG_WARN_EMPTY_BODY = YES;
				CLANG_WARN_ENUM_CONVERSION = YES;
				CLANG_WARN_INFINITE_RECURSION = YES;
				CLANG_WARN_INT_CONVERSION = YES;
				CLANG_WARN_NON_LITERAL_NULL_CONVERSION = YES;
				CLANG_WARN_OBJC_IMPLICIT_RETAIN_SELF = YES;
				CLANG_WARN_OBJC_LITERAL_CONVERSION = YES;
				CLANG_WARN_OBJC_ROOT_CLASS = YES_ERROR;
				CLANG_WARN_QUOTED_INCLUDE_IN_FRAMEWORK_HEADER = YES;
				CLANG_WARN_RANGE_LOOP_ANALYSIS = YES;
				CLANG_WARN_STRICT_PROTOTYPES = YES;
				CLANG_WARN_SUSPICIOUS_MOVE = YES;
				CLANG_WARN_UNGUARDED_AVAILABILITY = YES_AGGRESSIVE;
				CLANG_WARN_UNREACHABLE_CODE = YES;
				CLANG_WARN__DUPLICATE_METHOD_MATCH = YES;
				COPY_PHASE_STRIP = NO;
				DEBUG_INFORMATION_FORMAT = dwarf;
				ENABLE_STRICT_OBJC_MSGSEND = YES;
				ENABLE_TESTABILITY = YES;
				GCC_C_LANGUAGE_STANDARD = gnu11;
				GCC_DYNAMIC_NO_PIC = NO;
				GCC_NO_COMMON_BLOCKS = YES;
				GCC_OPTIMIZATION_LEVEL = 0;
				GCC_PREPROCESSOR_DEFINITIONS = (
					"DEBUG=1",
					"$(inherited)",
				);
				GCC_WARN_64_TO_32_BIT_CONVERSION = YES;
				GCC_WARN_ABOUT_RETURN_TYPE = YES_ERROR;
				GCC_WARN_UNDECLARED_SELECTOR = YES;
				GCC_WARN_UNINITIALIZED_AUTOS = YES_AGGRESSIVE;
				GCC_WARN_UNUSED_FUNCTION = YES;
				GCC_WARN_UNUSED_VARIABLE = YES;
				IPHONEOS_DEPLOYMENT_TARGET = 16.0;
				MTL_ENABLE_DEBUG_INFO = INCLUDE_SOURCE;
				MTL_FAST_MATH = YES;
				ONLY_ACTIVE_ARCH = YES;
				SDKROOT = iphoneos;
				SWIFT_ACTIVE_COMPILATION_CONDITIONS = DEBUG;
				SWIFT_OPTIMIZATION_LEVEL = "-Onone";
			};
			name = Debug;
		};
		B6D8CEDD2917D86400420E8E /* Release */ = {
			isa = XCBuildConfiguration;
			buildSettings = {
				ALWAYS_SEARCH_USER_PATHS = NO;
				CLANG_ANALYZER_NONNULL = YES;
				CLANG_ANALYZER_NUMBER_OBJECT_CONVERSION = YES_AGGRESSIVE;
				CLANG_CXX_LANGUAGE_STANDARD = "gnu++20";
				CLANG_ENABLE_MODULES = YES;
				CLANG_ENABLE_OBJC_ARC = YES;
				CLANG_ENABLE_OBJC_WEAK = YES;
				CLANG_WARN_BLOCK_CAPTURE_AUTORELEASING = YES;
				CLANG_WARN_BOOL_CONVERSION = YES;
				CLANG_WARN_COMMA = YES;
				CLANG_WARN_CONSTANT_CONVERSION = YES;
				CLANG_WARN_DEPRECATED_OBJC_IMPLEMENTATIONS = YES;
				CLANG_WARN_DIRECT_OBJC_ISA_USAGE = YES_ERROR;
				CLANG_WARN_DOCUMENTATION_COMMENTS = YES;
				CLANG_WARN_EMPTY_BODY = YES;
				CLANG_WARN_ENUM_CONVERSION = YES;
				CLANG_WARN_INFINITE_RECURSION = YES;
				CLANG_WARN_INT_CONVERSION = YES;
				CLANG_WARN_NON_LITERAL_NULL_CONVERSION = YES;
				CLANG_WARN_OBJC_IMPLICIT_RETAIN_SELF = YES;
				CLANG_WARN_OBJC_LITERAL_CONVERSION = YES;
				CLANG_WARN_OBJC_ROOT_CLASS = YES_ERROR;
				CLANG_WARN_QUOTED_INCLUDE_IN_FRAMEWORK_HEADER = YES;
				CLANG_WARN_RANGE_LOOP_ANALYSIS = YES;
				CLANG_WARN_STRICT_PROTOTYPES = YES;
				CLANG_WARN_SUSPICIOUS_MOVE = YES;
				CLANG_WARN_UNGUARDED_AVAILABILITY = YES_AGGRESSIVE;
				CLANG_WARN_UNREACHABLE_CODE = YES;
				CLANG_WARN__DUPLICATE_METHOD_MATCH = YES;
				COPY_PHASE_STRIP = NO;
				DEBUG_INFORMATION_FORMAT = "dwarf-with-dsym";
				ENABLE_NS_ASSERTIONS = NO;
				ENABLE_STRICT_OBJC_MSGSEND = YES;
				GCC_C_LANGUAGE_STANDARD = gnu11;
				GCC_NO_COMMON_BLOCKS = YES;
				GCC_WARN_64_TO_32_BIT_CONVERSION = YES;
				GCC_WARN_ABOUT_RETURN_TYPE = YES_ERROR;
				GCC_WARN_UNDECLARED_SELECTOR = YES;
				GCC_WARN_UNINITIALIZED_AUTOS = YES_AGGRESSIVE;
				GCC_WARN_UNUSED_FUNCTION = YES;
				GCC_WARN_UNUSED_VARIABLE = YES;
				IPHONEOS_DEPLOYMENT_TARGET = 16.0;
				MTL_ENABLE_DEBUG_INFO = NO;
				MTL_FAST_MATH = YES;
				SDKROOT = iphoneos;
				SWIFT_COMPILATION_MODE = wholemodule;
				SWIFT_OPTIMIZATION_LEVEL = "-O";
				VALIDATE_PRODUCT = YES;
			};
			name = Release;
		};
		B6D8CEDF2917D86400420E8E /* Debug */ = {
			isa = XCBuildConfiguration;
			buildSettings = {
				ASSETCATALOG_COMPILER_APPICON_NAME = AppIcon;
				ASSETCATALOG_COMPILER_GLOBAL_ACCENT_COLOR_NAME = AccentColor;
				CODE_SIGN_ENTITLEMENTS = healthRoutineApp/healthRoutineApp.entitlements;
				CODE_SIGN_STYLE = Automatic;
				CURRENT_PROJECT_VERSION = 1;
				DEVELOPMENT_ASSET_PATHS = "\"healthRoutineApp/Preview Content\"";
				DEVELOPMENT_TEAM = XH6SZSQLGV;
				ENABLE_PREVIEWS = YES;
				GENERATE_INFOPLIST_FILE = YES;
				INFOPLIST_FILE = healthRoutineApp/Info.plist;
				INFOPLIST_KEY_CFBundleDisplayName = "득근득근";
				INFOPLIST_KEY_LSApplicationCategoryType = "public.app-category.healthcare-fitness";
				INFOPLIST_KEY_UIApplicationSceneManifest_Generation = YES;
				INFOPLIST_KEY_UIApplicationSupportsIndirectInputEvents = YES;
				INFOPLIST_KEY_UISupportedInterfaceOrientations = UIInterfaceOrientationPortrait;
				INFOPLIST_KEY_UISupportedInterfaceOrientations_iPad = "UIInterfaceOrientationLandscapeLeft UIInterfaceOrientationLandscapeRight UIInterfaceOrientationPortrait UIInterfaceOrientationPortraitUpsideDown";
				IPHONEOS_DEPLOYMENT_TARGET = 15.0;
				LD_RUNPATH_SEARCH_PATHS = (
					"$(inherited)",
					"@executable_path/Frameworks",
				);
				MARKETING_VERSION = 1.0;
				PRODUCT_BUNDLE_IDENTIFIER = E1I4.healthRoutine1;
				PRODUCT_NAME = "$(TARGET_NAME)";
				SUPPORTED_PLATFORMS = "iphoneos iphonesimulator";
				SUPPORTS_MACCATALYST = NO;
				SUPPORTS_MAC_DESIGNED_FOR_IPHONE_IPAD = NO;
				SWIFT_EMIT_LOC_STRINGS = YES;
				SWIFT_VERSION = 5.0;
				TARGETED_DEVICE_FAMILY = 1;
			};
			name = Debug;
		};
		B6D8CEE02917D86400420E8E /* Release */ = {
			isa = XCBuildConfiguration;
			buildSettings = {
				ASSETCATALOG_COMPILER_APPICON_NAME = AppIcon;
				ASSETCATALOG_COMPILER_GLOBAL_ACCENT_COLOR_NAME = AccentColor;
				CODE_SIGN_ENTITLEMENTS = healthRoutineApp/healthRoutineApp.entitlements;
				CODE_SIGN_IDENTITY = "Apple Development";
				CODE_SIGN_STYLE = Automatic;
				CURRENT_PROJECT_VERSION = 1;
				DEVELOPMENT_ASSET_PATHS = "\"healthRoutineApp/Preview Content\"";
				DEVELOPMENT_TEAM = XH6SZSQLGV;
				ENABLE_PREVIEWS = YES;
				GENERATE_INFOPLIST_FILE = YES;
				INFOPLIST_FILE = healthRoutineApp/Info.plist;
				INFOPLIST_KEY_CFBundleDisplayName = "득근득근";
				INFOPLIST_KEY_LSApplicationCategoryType = "public.app-category.healthcare-fitness";
				INFOPLIST_KEY_UIApplicationSceneManifest_Generation = YES;
				INFOPLIST_KEY_UIApplicationSupportsIndirectInputEvents = YES;
				INFOPLIST_KEY_UISupportedInterfaceOrientations = UIInterfaceOrientationPortrait;
				INFOPLIST_KEY_UISupportedInterfaceOrientations_iPad = "UIInterfaceOrientationLandscapeLeft UIInterfaceOrientationLandscapeRight UIInterfaceOrientationPortrait UIInterfaceOrientationPortraitUpsideDown";
				IPHONEOS_DEPLOYMENT_TARGET = 15.0;
				LD_RUNPATH_SEARCH_PATHS = (
					"$(inherited)",
					"@executable_path/Frameworks",
				);
				MARKETING_VERSION = 1.0;
				PRODUCT_BUNDLE_IDENTIFIER = com.E1I4.healthRoutine1;
				PRODUCT_NAME = "$(TARGET_NAME)";
				PROVISIONING_PROFILE_SPECIFIER = "";
				SUPPORTED_PLATFORMS = "iphoneos iphonesimulator";
				SUPPORTS_MACCATALYST = NO;
				SUPPORTS_MAC_DESIGNED_FOR_IPHONE_IPAD = NO;
				SWIFT_EMIT_LOC_STRINGS = YES;
				SWIFT_VERSION = 5.0;
				TARGETED_DEVICE_FAMILY = 1;
			};
			name = Release;
		};
/* End XCBuildConfiguration section */

/* Begin XCConfigurationList section */
		B6D8CECB2917D86200420E8E /* Build configuration list for PBXProject "healthRoutineApp" */ = {
			isa = XCConfigurationList;
			buildConfigurations = (
				B6D8CEDC2917D86400420E8E /* Debug */,
				B6D8CEDD2917D86400420E8E /* Release */,
			);
			defaultConfigurationIsVisible = 0;
			defaultConfigurationName = Release;
		};
		B6D8CEDE2917D86400420E8E /* Build configuration list for PBXNativeTarget "healthRoutineApp" */ = {
			isa = XCConfigurationList;
			buildConfigurations = (
				B6D8CEDF2917D86400420E8E /* Debug */,
				B6D8CEE02917D86400420E8E /* Release */,
			);
			defaultConfigurationIsVisible = 0;
			defaultConfigurationName = Release;
		};
/* End XCConfigurationList section */

/* Begin XCRemoteSwiftPackageReference section */
		80881951294C2CCE00420788 /* XCRemoteSwiftPackageReference "Alamofire" */ = {
			isa = XCRemoteSwiftPackageReference;
			repositoryURL = "https://github.com/Alamofire/Alamofire";
			requirement = {
				kind = upToNextMajorVersion;
				minimumVersion = 5.6.1;
			};
		};
/* End XCRemoteSwiftPackageReference section */

/* Begin XCSwiftPackageProductDependency section */
		80881952294C2CCE00420788 /* Alamofire */ = {
			isa = XCSwiftPackageProductDependency;
			package = 80881951294C2CCE00420788 /* XCRemoteSwiftPackageReference "Alamofire" */;
			productName = Alamofire;
		};
/* End XCSwiftPackageProductDependency section */
	};
	rootObject = B6D8CEC82917D86200420E8E /* Project object */;
}
